{
  "name": "sagacity_course-3.0.0",
  "version": "3.0.0",
  "lockfileVersion": 1,
  "requires": true,
  "dependencies": {
    "fast-deep-equal": {
      "version": "2.0.1",
      "resolved": "http://repo.dev.cdqidi.cn/repository/npm-group/fast-deep-equal/-/fast-deep-equal-2.0.1.tgz",
      "integrity": "sha1-ewUhjd+WZ79/Nwv3/bLLFf3Qqkk="
    },
    "miniprogram-computed": {
      "version": "2.1.1",
      "resolved": "http://repo.dev.cdqidi.cn/repository/npm-group/miniprogram-computed/-/miniprogram-computed-2.1.1.tgz",
      "integrity": "sha1-w5PpZ6j25e4mpCBfaa4+uaI7ewc=",
      "requires": {
        "fast-deep-equal": "^2.0.1",
        "rfdc": "^1.1.4"
      }
    },
    "rfdc": {
      "version": "1.1.4",
      "resolved": "http://repo.dev.cdqidi.cn/repository/npm-group/rfdc/-/rfdc-1.1.4.tgz",
      "integrity": "sha1-unLME2egzNnPgahws7WL060H+MI="
    },
    "wux-weapp": {
      "version": "3.8.5",
      "resolved": "http://repo.dev.cdqidi.cn/repository/npm-group/wux-weapp/-/wux-weapp-3.8.5.tgz",
      "integrity": "sha1-xiHtJ86SvheGtJWbg/6L3fA6auM="
    }
  }
}
